# THIS IS AN AUTOGENERATED FILE. DO NOT EDIT THIS FILE DIRECTLY.
# yarn lockfile v1


"@types/node@*", "@types/node@^16.4.7":
  version "16.4.7"
  resolved "https://registry.yarnpkg.com/@types/node/-/node-16.4.7.tgz#f7afa78769d4b477f5092d7c3468e2e8653d779c"
  integrity sha512-aDDY54sst8sx47CWT6QQqIZp45yURq4dic0+HCYfYNcY5Ejlb/CLmFnRLfy3wQuYafOeh3lB/DAKaqRKBtcZmA==

"@types/ws@^7.4.7":
  version "7.4.7"
  resolved "https://registry.yarnpkg.com/@types/ws/-/ws-7.4.7.tgz#f7c390a36f7a0679aa69de2d501319f4f8d9b702"
  integrity sha512-JQbbmxZTZehdc2iszGKs5oC3NFnjeay7mtAWrdt7qNtAVK0g19muApzAy4bm9byz79xa2ZnO/BOBC2R8RC5Lww==
  dependencies:
    "@types/node" "*"

bufferutil@^4.0.3:
  version "4.0.3"
  resolved "https://registry.yarnpkg.com/bufferutil/-/bufferutil-4.0.3.tgz#66724b756bed23cd7c28c4d306d7994f9943cc6b"
  integrity sha512-yEYTwGndELGvfXsImMBLop58eaGW+YdONi1fNjTINSY98tmMmFijBG6WXgdkfuLNt4imzQNtIE+eBp1PVpMCSw==
  dependencies:
    node-gyp-build "^4.2.0"

co-compose@^6.1.4:
  version "6.1.4"
  resolved "https://registry.yarnpkg.com/co-compose/-/co-compose-6.1.4.tgz#4e607a29fdda0428c599683b4d65f9c8f9d91723"
  integrity sha512-6CoVwiUNKbCREAwWZdySCXAv0qqYw17L/xW+HOuH9NtBgBbGYsviVaekxMh2Lr5KHS36TyHRbNo3jh3GLRdffg==

node-gyp-build@^4.2.0:
  version "4.2.3"
  resolved "https://registry.yarnpkg.com/node-gyp-build/-/node-gyp-build-4.2.3.tgz#ce6277f853835f718829efb47db20f3e4d9c4739"
  integrity sha512-MN6ZpzmfNCRM+3t57PTJHgHyw/h4OWnZ6mR8P5j/uZtqQr46RRuDE/P+g3n0YR/AiYXeWixZZzaip77gdICfRg==

utf-8-validate@^5.0.5:
  version "5.0.5"
  resolved "https://registry.yarnpkg.com/utf-8-validate/-/utf-8-validate-5.0.5.tgz#dd32c2e82c72002dc9f02eb67ba6761f43456ca1"
  integrity sha512-+pnxRYsS/axEpkrrEpzYfNZGXp0IjC/9RIxwM5gntY4Koi8SHmUGSfxfWqxZdRxrtaoVstuOzUp/rbs3JSPELQ==
  dependencies:
    node-gyp-build "^4.2.0"

ws@^8.0.0:
  version "8.0.0"
  resolved "https://registry.yarnpkg.com/ws/-/ws-8.0.0.tgz#550605d13dfc1437c9ec1396975709c6d7ffc57d"
  integrity sha512-6AcSIXpBlS0QvCVKk+3cWnWElLsA6SzC0lkQ43ciEglgXJXiCWK3/CGFEJ+Ybgp006CMibamAsqOlxE9s4AvYA==
